
Microsoft Visual Studio Solution File, Format Version 12.00
# Visual Studio 2012
Project("{FAE04EC0-301F-11D3-BF4B-00C04F79EFBC}") = "BJJ", "BJJ\BJJ.csproj", "{4E7FC757-6BD4-4CD7-9666-09AE1CDB3C4A}"
EndProject
Global
	GlobalSection(SolutionConfigurationPlatforms) = preSolution
		Debug|Any CPU = Debug|Any CPU
		Release|Any CPU = Release|Any CPU
	EndGlobalSection
	GlobalSection(ProjectConfigurationPlatforms) = postSolution
		{4E7FC757-6BD4-4CD7-9666-09AE1CDB3C4A}.Debug|Any CPU.ActiveCfg = Debug|Any CPU
		{4E7FC757-6BD4-4CD7-9666-09AE1CDB3C4A}.Debug|Any CPU.Build.0 = Debug|Any CPU
		{4E7FC757-6BD4-4CD7-9666-09AE1CDB3C4A}.Release|Any CPU.ActiveCfg = Release|Any CPU
		{4E7FC757-6BD4-4CD7-9666-09AE1CDB3C4A}.Release|Any CPU.Build.0 = Release|Any CPU
	EndGlobalSection
EndGlobal
